Microsoft Visual Studio Solution File, Format Version 12.00
# Visual Studio 2012
Project("{4A1C93B7-D9AB-6CD8-D39B-0512060052DA}") = "Mini LD 72", "Assembly-CSharp.csproj", "{347B5149-2222-4E2F-59EF-6E2DE3FAE3A6}"
EndProject
Project("{4A1C93B7-D9AB-6CD8-D39B-0512060052DA}") = "Mini LD 72", "Assembly-CSharp-Editor-firstpass.csproj", "{3C19E3CB-E600-557E-8FFD-BE5D67A685DF}"
EndProject
Global
	GlobalSection(SolutionConfigurationPlatforms) = preSolution
		Debug|Any CPU = Debug|Any CPU
		Release|Any CPU = Release|Any CPU
	EndGlobalSection
	GlobalSection(ProjectConfigurationPlatforms) = postSolution
		{347B5149-2222-4E2F-59EF-6E2DE3FAE3A6}.Debug|Any CPU.ActiveCfg = Debug|Any CPU
		{347B5149-2222-4E2F-59EF-6E2DE3FAE3A6}.Debug|Any CPU.Build.0 = Debug|Any CPU
		{347B5149-2222-4E2F-59EF-6E2DE3FAE3A6}.Release|Any CPU.ActiveCfg = Release|Any CPU
		{347B5149-2222-4E2F-59EF-6E2DE3FAE3A6}.Release|Any CPU.Build.0 = Release|Any CPU
		{3C19E3CB-E600-557E-8FFD-BE5D67A685DF}.Debug|Any CPU.ActiveCfg = Debug|Any CPU
		{3C19E3CB-E600-557E-8FFD-BE5D67A685DF}.Debug|Any CPU.Build.0 = Debug|Any CPU
		{3C19E3CB-E600-557E-8FFD-BE5D67A685DF}.Release|Any CPU.ActiveCfg = Release|Any CPU
		{3C19E3CB-E600-557E-8FFD-BE5D67A685DF}.Release|Any CPU.Build.0 = Release|Any CPU
	EndGlobalSection
	GlobalSection(MonoDevelopProperties) = preSolution
		StartupItem = Assembly-CSharp.csproj
	EndGlobalSection
EndGlobal
